
Microsoft Visual Studio Solution File, Format Version 12.00
# Visual Studio 14
VisualStudioVersion = 14.0.25420.1
MinimumVisualStudioVersion = 10.0.40219.1
Project("{FAE04EC0-301F-11D3-BF4B-00C04F79EFBC}") = "GSBCR.modele", "GSBCR.modele\GSBCR.modele.csproj", "{D480EC3F-6939-4A26-88D5-AAC2769F9F12}"
EndProject
Project("{FAE04EC0-301F-11D3-BF4B-00C04F79EFBC}") = "GSBCR.BLL", "GSBCR.BLL\GSBCR.BLL.csproj", "{87304D8D-BE1E-436A-9223-6D9F51178F9F}"
EndProject
Project("{FAE04EC0-301F-11D3-BF4B-00C04F79EFBC}") = "GSBCR.DAL", "GSBCR.DAL\GSBCR.DAL.csproj", "{065145A2-F3EC-4EDC-B31F-758C137A92E8}"
EndProject
Project("{FAE04EC0-301F-11D3-BF4B-00C04F79EFBC}") = "GSBCR.test", "GSBCR.test\GSBCR.test.csproj", "{D89EF64F-825B-4ED8-A099-394986D59707}"
EndProject
Project("{FAE04EC0-301F-11D3-BF4B-00C04F79EFBC}") = "GSBCR.UC", "GSBCR.UC\GSBCR.UC.csproj", "{E1D10A3B-1DCD-43BF-8E8B-9BE91F755CD3}"
EndProject
Project("{FAE04EC0-301F-11D3-BF4B-00C04F79EFBC}") = "GSBCR.UI", "GSBCR.UI\GSBCR.UI.csproj", "{067A2D92-A65F-4994-BDC5-A3406A6C53D7}"
EndProject
Global
	GlobalSection(SolutionConfigurationPlatforms) = preSolution
		Debug|Any CPU = Debug|Any CPU
		Debug|x86 = Debug|x86
		Release|Any CPU = Release|Any CPU
		Release|x86 = Release|x86
	EndGlobalSection
	GlobalSection(ProjectConfigurationPlatforms) = postSolution
		{D480EC3F-6939-4A26-88D5-AAC2769F9F12}.Debug|Any CPU.ActiveCfg = Debug|Any CPU
		{D480EC3F-6939-4A26-88D5-AAC2769F9F12}.Debug|Any CPU.Build.0 = Debug|Any CPU
		{D480EC3F-6939-4A26-88D5-AAC2769F9F12}.Debug|x86.ActiveCfg = Debug|Any CPU
		{D480EC3F-6939-4A26-88D5-AAC2769F9F12}.Debug|x86.Build.0 = Debug|Any CPU
		{D480EC3F-6939-4A26-88D5-AAC2769F9F12}.Release|Any CPU.ActiveCfg = Release|Any CPU
		{D480EC3F-6939-4A26-88D5-AAC2769F9F12}.Release|Any CPU.Build.0 = Release|Any CPU
		{D480EC3F-6939-4A26-88D5-AAC2769F9F12}.Release|x86.ActiveCfg = Release|Any CPU
		{D480EC3F-6939-4A26-88D5-AAC2769F9F12}.Release|x86.Build.0 = Release|Any CPU
		{87304D8D-BE1E-436A-9223-6D9F51178F9F}.Debug|Any CPU.ActiveCfg = Debug|Any CPU
		{87304D8D-BE1E-436A-9223-6D9F51178F9F}.Debug|Any CPU.Build.0 = Debug|Any CPU
		{87304D8D-BE1E-436A-9223-6D9F51178F9F}.Debug|x86.ActiveCfg = Debug|Any CPU
		{87304D8D-BE1E-436A-9223-6D9F51178F9F}.Debug|x86.Build.0 = Debug|Any CPU
		{87304D8D-BE1E-436A-9223-6D9F51178F9F}.Release|Any CPU.ActiveCfg = Release|Any CPU
		{87304D8D-BE1E-436A-9223-6D9F51178F9F}.Release|Any CPU.Build.0 = Release|Any CPU
		{87304D8D-BE1E-436A-9223-6D9F51178F9F}.Release|x86.ActiveCfg = Release|Any CPU
		{87304D8D-BE1E-436A-9223-6D9F51178F9F}.Release|x86.Build.0 = Release|Any CPU
		{065145A2-F3EC-4EDC-B31F-758C137A92E8}.Debug|Any CPU.ActiveCfg = Debug|Any CPU
		{065145A2-F3EC-4EDC-B31F-758C137A92E8}.Debug|Any CPU.Build.0 = Debug|Any CPU
		{065145A2-F3EC-4EDC-B31F-758C137A92E8}.Debug|x86.ActiveCfg = Debug|Any CPU
		{065145A2-F3EC-4EDC-B31F-758C137A92E8}.Debug|x86.Build.0 = Debug|Any CPU
		{065145A2-F3EC-4EDC-B31F-758C137A92E8}.Release|Any CPU.ActiveCfg = Release|Any CPU
		{065145A2-F3EC-4EDC-B31F-758C137A92E8}.Release|Any CPU.Build.0 = Release|Any CPU
		{065145A2-F3EC-4EDC-B31F-758C137A92E8}.Release|x86.ActiveCfg = Release|Any CPU
		{065145A2-F3EC-4EDC-B31F-758C137A92E8}.Release|x86.Build.0 = Release|Any CPU
		{D89EF64F-825B-4ED8-A099-394986D59707}.Debug|Any CPU.ActiveCfg = Debug|Any CPU
		{D89EF64F-825B-4ED8-A099-394986D59707}.Debug|Any CPU.Build.0 = Debug|Any CPU
		{D89EF64F-825B-4ED8-A099-394986D59707}.Debug|x86.ActiveCfg = Debug|Any CPU
		{D89EF64F-825B-4ED8-A099-394986D59707}.Debug|x86.Build.0 = Debug|Any CPU
		{D89EF64F-825B-4ED8-A099-394986D59707}.Release|Any CPU.ActiveCfg = Release|Any CPU
		{D89EF64F-825B-4ED8-A099-394986D59707}.Release|Any CPU.Build.0 = Release|Any CPU
		{D89EF64F-825B-4ED8-A099-394986D59707}.Release|x86.ActiveCfg = Release|Any CPU
		{D89EF64F-825B-4ED8-A099-394986D59707}.Release|x86.Build.0 = Release|Any CPU
		{E1D10A3B-1DCD-43BF-8E8B-9BE91F755CD3}.Debug|Any CPU.ActiveCfg = Debug|Any CPU
		{E1D10A3B-1DCD-43BF-8E8B-9BE91F755CD3}.Debug|Any CPU.Build.0 = Debug|Any CPU
		{E1D10A3B-1DCD-43BF-8E8B-9BE91F755CD3}.Debug|x86.ActiveCfg = Debug|Any CPU
		{E1D10A3B-1DCD-43BF-8E8B-9BE91F755CD3}.Debug|x86.Build.0 = Debug|Any CPU
		{E1D10A3B-1DCD-43BF-8E8B-9BE91F755CD3}.Release|Any CPU.ActiveCfg = Release|Any CPU
		{E1D10A3B-1DCD-43BF-8E8B-9BE91F755CD3}.Release|Any CPU.Build.0 = Release|Any CPU
		{E1D10A3B-1DCD-43BF-8E8B-9BE91F755CD3}.Release|x86.ActiveCfg = Release|Any CPU
		{E1D10A3B-1DCD-43BF-8E8B-9BE91F755CD3}.Release|x86.Build.0 = Release|Any CPU
		{067A2D92-A65F-4994-BDC5-A3406A6C53D7}.Debug|Any CPU.ActiveCfg = Debug|x86
		{067A2D92-A65F-4994-BDC5-A3406A6C53D7}.Debug|x86.ActiveCfg = Debug|x86
		{067A2D92-A65F-4994-BDC5-A3406A6C53D7}.Debug|x86.Build.0 = Debug|x86
		{067A2D92-A65F-4994-BDC5-A3406A6C53D7}.Release|Any CPU.ActiveCfg = Release|x86
		{067A2D92-A65F-4994-BDC5-A3406A6C53D7}.Release|x86.ActiveCfg = Release|x86
		{067A2D92-A65F-4994-BDC5-A3406A6C53D7}.Release|x86.Build.0 = Release|x86
	EndGlobalSection
	GlobalSection(SolutionProperties) = preSolution
		HideSolutionNode = FALSE
	EndGlobalSection
EndGlobal
